
Microsoft Visual Studio Solution File, Format Version 9.00
# Visual Studio 2005
Project("{8BC9CEB8-8B4A-11D0-8D11-00A0C91BC942}") = "x86InfoAndControl_GUI", "x86InfoAndControl\x86InfoAndControl.vcproj", "{C19CF353-C183-473D-B6BF-90F14D8F84B7}"
EndProject
Project("{8BC9CEB8-8B4A-11D0-8D11-00A0C91BC942}") = "X86InfoAndControlService", "X86InfoAndControlService\X86InfoAndControlService.vcproj", "{DBEE7853-3C12-4057-B688-60C1B8B26FF3}"
EndProject
Project("{8BC9CEB8-8B4A-11D0-8D11-00A0C91BC942}") = "LowCPUvoltageDetect_MSVC", "..\..\SourceCodeManagement\LowCPUvoltageDetect\LowCPUvoltageDetect_MSVC\LowCPUvoltageDetect_MSVC.vcproj", "{19687449-54B4-4C89-8B7A-3F340E3B5DA1}"
EndProject
Global
	GlobalSection(SolutionConfigurationPlatforms) = preSolution
		Debug_from_Release|Win32 = Debug_from_Release|Win32
		Debug|Win32 = Debug|Win32
		Release_wxWidgets_Static|Win32 = Release_wxWidgets_Static|Win32
		Release|Win32 = Release|Win32
		Svc_Debug_from_Release|Win32 = Svc_Debug_from_Release|Win32
	EndGlobalSection
	GlobalSection(ProjectConfigurationPlatforms) = postSolution
		{C19CF353-C183-473D-B6BF-90F14D8F84B7}.Debug_from_Release|Win32.ActiveCfg = Debug_from_Release|Win32
		{C19CF353-C183-473D-B6BF-90F14D8F84B7}.Debug_from_Release|Win32.Build.0 = Debug_from_Release|Win32
		{C19CF353-C183-473D-B6BF-90F14D8F84B7}.Debug|Win32.ActiveCfg = Debug|Win32
		{C19CF353-C183-473D-B6BF-90F14D8F84B7}.Debug|Win32.Build.0 = Debug|Win32
		{C19CF353-C183-473D-B6BF-90F14D8F84B7}.Release_wxWidgets_Static|Win32.ActiveCfg = Release_wxWidgets_Static|Win32
		{C19CF353-C183-473D-B6BF-90F14D8F84B7}.Release_wxWidgets_Static|Win32.Build.0 = Release_wxWidgets_Static|Win32
		{C19CF353-C183-473D-B6BF-90F14D8F84B7}.Release|Win32.ActiveCfg = Release|Win32
		{C19CF353-C183-473D-B6BF-90F14D8F84B7}.Release|Win32.Build.0 = Release|Win32
		{C19CF353-C183-473D-B6BF-90F14D8F84B7}.Svc_Debug_from_Release|Win32.ActiveCfg = Debug_from_Release|Win32
		{C19CF353-C183-473D-B6BF-90F14D8F84B7}.Svc_Debug_from_Release|Win32.Build.0 = Debug_from_Release|Win32
		{DBEE7853-3C12-4057-B688-60C1B8B26FF3}.Debug_from_Release|Win32.ActiveCfg = Release|Win32
		{DBEE7853-3C12-4057-B688-60C1B8B26FF3}.Debug_from_Release|Win32.Build.0 = Release|Win32
		{DBEE7853-3C12-4057-B688-60C1B8B26FF3}.Debug|Win32.ActiveCfg = Debug|Win32
		{DBEE7853-3C12-4057-B688-60C1B8B26FF3}.Debug|Win32.Build.0 = Debug|Win32
		{DBEE7853-3C12-4057-B688-60C1B8B26FF3}.Release_wxWidgets_Static|Win32.ActiveCfg = Release|Win32
		{DBEE7853-3C12-4057-B688-60C1B8B26FF3}.Release_wxWidgets_Static|Win32.Build.0 = Release|Win32
		{DBEE7853-3C12-4057-B688-60C1B8B26FF3}.Release|Win32.ActiveCfg = Release|Win32
		{DBEE7853-3C12-4057-B688-60C1B8B26FF3}.Release|Win32.Build.0 = Release|Win32
		{DBEE7853-3C12-4057-B688-60C1B8B26FF3}.Svc_Debug_from_Release|Win32.ActiveCfg = Svc_Debug_from_Release|Win32
		{DBEE7853-3C12-4057-B688-60C1B8B26FF3}.Svc_Debug_from_Release|Win32.Build.0 = Svc_Debug_from_Release|Win32
		{19687449-54B4-4C89-8B7A-3F340E3B5DA1}.Debug_from_Release|Win32.ActiveCfg = Release|Win32
		{19687449-54B4-4C89-8B7A-3F340E3B5DA1}.Debug_from_Release|Win32.Build.0 = Release|Win32
		{19687449-54B4-4C89-8B7A-3F340E3B5DA1}.Debug|Win32.ActiveCfg = Debug|Win32
		{19687449-54B4-4C89-8B7A-3F340E3B5DA1}.Debug|Win32.Build.0 = Debug|Win32
		{19687449-54B4-4C89-8B7A-3F340E3B5DA1}.Release_wxWidgets_Static|Win32.ActiveCfg = Release|Win32
		{19687449-54B4-4C89-8B7A-3F340E3B5DA1}.Release|Win32.ActiveCfg = Release|Win32
		{19687449-54B4-4C89-8B7A-3F340E3B5DA1}.Release|Win32.Build.0 = Release|Win32
		{19687449-54B4-4C89-8B7A-3F340E3B5DA1}.Svc_Debug_from_Release|Win32.ActiveCfg = Release|Win32
	EndGlobalSection
	GlobalSection(SolutionProperties) = preSolution
		HideSolutionNode = FALSE
	EndGlobalSection
EndGlobal
